
Microsoft Visual Studio Solution File, Format Version 12.00
# Visual Studio Version 17
VisualStudioVersion = 17.11.35312.102
MinimumVisualStudioVersion = 10.0.40219.1
Project("{FAE04EC0-301F-11D3-BF4B-00C04F79EFBC}") = "MykytiukOleksandra3F", "MykytiukOleksandra3F\MykytiukOleksandra3F.csproj", "{2EC2E1B8-4CAC-4583-B8A9-1105FDF9C711}"
EndProject
Global
	GlobalSection(SolutionConfigurationPlatforms) = preSolution
		Debug|Any CPU = Debug|Any CPU
		Release|Any CPU = Release|Any CPU
	EndGlobalSection
	GlobalSection(ProjectConfigurationPlatforms) = postSolution
		{2EC2E1B8-4CAC-4583-B8A9-1105FDF9C711}.Debug|Any CPU.ActiveCfg = Debug|Any CPU
		{2EC2E1B8-4CAC-4583-B8A9-1105FDF9C711}.Debug|Any CPU.Build.0 = Debug|Any CPU
		{2EC2E1B8-4CAC-4583-B8A9-1105FDF9C711}.Release|Any CPU.ActiveCfg = Release|Any CPU
		{2EC2E1B8-4CAC-4583-B8A9-1105FDF9C711}.Release|Any CPU.Build.0 = Release|Any CPU
	EndGlobalSection
	GlobalSection(SolutionProperties) = preSolution
		HideSolutionNode = FALSE
	EndGlobalSection
	GlobalSection(ExtensibilityGlobals) = postSolution
		SolutionGuid = {C996FF60-BB5B-4BE0-902E-C2EACA1E3F04}
	EndGlobalSection
EndGlobal
